
Microsoft Visual Studio Solution File, Format Version 11.00
# Visual Studio 2010
Project("{159641D6-6404-4A2A-AE62-294DE0FE8301}") = "ProjetBI_Vehicule", "ProjetBI_Vehicule\ProjetBI_Vehicule.dtproj", "{5CCD1645-7220-4563-94F9-769C22182CE0}"
EndProject
Global
	GlobalSection(SolutionConfigurationPlatforms) = preSolution
		Development|Default = Development|Default
	EndGlobalSection
	GlobalSection(ProjectConfigurationPlatforms) = postSolution
		{5CCD1645-7220-4563-94F9-769C22182CE0}.Development|Default.ActiveCfg = Development
		{5CCD1645-7220-4563-94F9-769C22182CE0}.Development|Default.Build.0 = Development
	EndGlobalSection
	GlobalSection(SolutionProperties) = preSolution
		HideSolutionNode = FALSE
	EndGlobalSection
EndGlobal
